
Microsoft Visual Studio Solution File, Format Version 12.00
# Visual Studio Version 16
VisualStudioVersion = 16.0.30503.244
MinimumVisualStudioVersion = 10.0.40219.1
Project("{FAE04EC0-301F-11D3-BF4B-00C04F79EFBC}") = "EmployeesSampleApp", "EmployeesSampleApp\EmployeesSampleApp.csproj", "{E6AD57B6-DA8D-4F13-91D6-AA953A2CAF5F}"
EndProject
Global
	GlobalSection(SolutionConfigurationPlatforms) = preSolution
		Debug|Any CPU = Debug|Any CPU
		Release|Any CPU = Release|Any CPU
	EndGlobalSection
	GlobalSection(ProjectConfigurationPlatforms) = postSolution
		{E6AD57B6-DA8D-4F13-91D6-AA953A2CAF5F}.Debug|Any CPU.ActiveCfg = Debug|Any CPU
		{E6AD57B6-DA8D-4F13-91D6-AA953A2CAF5F}.Debug|Any CPU.Build.0 = Debug|Any CPU
		{E6AD57B6-DA8D-4F13-91D6-AA953A2CAF5F}.Release|Any CPU.ActiveCfg = Release|Any CPU
		{E6AD57B6-DA8D-4F13-91D6-AA953A2CAF5F}.Release|Any CPU.Build.0 = Release|Any CPU
	EndGlobalSection
	GlobalSection(SolutionProperties) = preSolution
		HideSolutionNode = FALSE
	EndGlobalSection
	GlobalSection(ExtensibilityGlobals) = postSolution
		SolutionGuid = {AB340F38-6E24-4410-A37A-EC4BFD9D0B28}
	EndGlobalSection
EndGlobal
